
Microsoft Visual Studio Solution File, Format Version 12.00
# Visual Studio 15
Project("{FAE04EC0-301F-11D3-BF4B-00C04F79EFBC}") = "MovieMVC", "MovieMVC.csproj", "{E7FA58FE-DF73-42F0-B149-F4C636D1F465}"
EndProject
Global
	GlobalSection(SolutionConfigurationPlatforms) = preSolution
		Debug|Any CPU = Debug|Any CPU
		Release|Any CPU = Release|Any CPU
	EndGlobalSection
	GlobalSection(ProjectConfigurationPlatforms) = postSolution
		{E7FA58FE-DF73-42F0-B149-F4C636D1F465}.Debug|Any CPU.ActiveCfg = Debug|Any CPU
		{E7FA58FE-DF73-42F0-B149-F4C636D1F465}.Debug|Any CPU.Build.0 = Debug|Any CPU
		{E7FA58FE-DF73-42F0-B149-F4C636D1F465}.Release|Any CPU.ActiveCfg = Release|Any CPU
		{E7FA58FE-DF73-42F0-B149-F4C636D1F465}.Release|Any CPU.Build.0 = Release|Any CPU
	EndGlobalSection
EndGlobal
